
Microsoft Visual Studio Solution File, Format Version 11.00
# Visual Studio 2010
# SharpDevelop 4.4
Project("{FD48973F-F585-4F70-812B-4D0503B36CE9}") = "pg250MembershipFee", "pg250MembershipFee\pg250MembershipFee.pyproj", "{49CAE83D-6C24-4F2F-A786-1A0C80C4840C}"
EndProject
Global
	GlobalSection(SolutionConfigurationPlatforms) = preSolution
		Debug|Any CPU = Debug|Any CPU
		Release|Any CPU = Release|Any CPU
	EndGlobalSection
	GlobalSection(ProjectConfigurationPlatforms) = postSolution
		{49CAE83D-6C24-4F2F-A786-1A0C80C4840C}.Debug|Any CPU.Build.0 = Debug|Any CPU
		{49CAE83D-6C24-4F2F-A786-1A0C80C4840C}.Debug|Any CPU.ActiveCfg = Debug|Any CPU
		{49CAE83D-6C24-4F2F-A786-1A0C80C4840C}.Release|Any CPU.Build.0 = Release|Any CPU
		{49CAE83D-6C24-4F2F-A786-1A0C80C4840C}.Release|Any CPU.ActiveCfg = Release|Any CPU
	EndGlobalSection
EndGlobal
