
Microsoft Visual Studio Solution File, Format Version 11.00
# Visual Studio 2010
# SharpDevelop 4.4
Project("{FD48973F-F585-4F70-812B-4D0503B36CE9}") = "schedule", "schedule\schedule.pyproj", "{FCE36F25-148E-4753-8C4C-B0BD81FC66CF}"
EndProject
Global
	GlobalSection(SolutionConfigurationPlatforms) = preSolution
		Debug|Any CPU = Debug|Any CPU
		Release|Any CPU = Release|Any CPU
	EndGlobalSection
	GlobalSection(ProjectConfigurationPlatforms) = postSolution
		{FCE36F25-148E-4753-8C4C-B0BD81FC66CF}.Debug|Any CPU.Build.0 = Debug|Any CPU
		{FCE36F25-148E-4753-8C4C-B0BD81FC66CF}.Debug|Any CPU.ActiveCfg = Debug|Any CPU
		{FCE36F25-148E-4753-8C4C-B0BD81FC66CF}.Release|Any CPU.Build.0 = Release|Any CPU
		{FCE36F25-148E-4753-8C4C-B0BD81FC66CF}.Release|Any CPU.ActiveCfg = Release|Any CPU
	EndGlobalSection
EndGlobal
