
Microsoft Visual Studio Solution File, Format Version 11.00
# Visual Studio 2010
# SharpDevelop 4.4
Project("{FD48973F-F585-4F70-812B-4D0503B36CE9}") = "Stringstuff", "Stringstuff\Stringstuff.pyproj", "{0B7D8D34-87DC-414D-9C8B-A3606850BCED}"
EndProject
Global
	GlobalSection(SolutionConfigurationPlatforms) = preSolution
		Debug|Any CPU = Debug|Any CPU
		Release|Any CPU = Release|Any CPU
	EndGlobalSection
	GlobalSection(ProjectConfigurationPlatforms) = postSolution
		{0B7D8D34-87DC-414D-9C8B-A3606850BCED}.Debug|Any CPU.Build.0 = Debug|Any CPU
		{0B7D8D34-87DC-414D-9C8B-A3606850BCED}.Debug|Any CPU.ActiveCfg = Debug|Any CPU
		{0B7D8D34-87DC-414D-9C8B-A3606850BCED}.Release|Any CPU.Build.0 = Release|Any CPU
		{0B7D8D34-87DC-414D-9C8B-A3606850BCED}.Release|Any CPU.ActiveCfg = Release|Any CPU
	EndGlobalSection
EndGlobal
