
Microsoft Visual Studio Solution File, Format Version 11.00
# Visual Studio 2010
# SharpDevelop 4.4
Project("{FD48973F-F585-4F70-812B-4D0503B36CE9}") = "pg162", "pg162\pg162.pyproj", "{A3FADC72-AEB8-46B1-A425-EB7282C32745}"
EndProject
Global
	GlobalSection(SolutionConfigurationPlatforms) = preSolution
		Debug|Any CPU = Debug|Any CPU
		Release|Any CPU = Release|Any CPU
	EndGlobalSection
	GlobalSection(ProjectConfigurationPlatforms) = postSolution
		{A3FADC72-AEB8-46B1-A425-EB7282C32745}.Debug|Any CPU.Build.0 = Debug|Any CPU
		{A3FADC72-AEB8-46B1-A425-EB7282C32745}.Debug|Any CPU.ActiveCfg = Debug|Any CPU
		{A3FADC72-AEB8-46B1-A425-EB7282C32745}.Release|Any CPU.Build.0 = Release|Any CPU
		{A3FADC72-AEB8-46B1-A425-EB7282C32745}.Release|Any CPU.ActiveCfg = Release|Any CPU
	EndGlobalSection
EndGlobal
