
Microsoft Visual Studio Solution File, Format Version 11.00
# Visual Studio 2010
# SharpDevelop 4.4
Project("{FD48973F-F585-4F70-812B-4D0503B36CE9}") = "pg198ScoreAvg", "pg198ScoreAvg\pg198ScoreAvg.pyproj", "{921C10D4-E89C-4E1C-A26A-CD439E2427C1}"
EndProject
Global
	GlobalSection(SolutionConfigurationPlatforms) = preSolution
		Debug|Any CPU = Debug|Any CPU
		Release|Any CPU = Release|Any CPU
	EndGlobalSection
	GlobalSection(ProjectConfigurationPlatforms) = postSolution
		{921C10D4-E89C-4E1C-A26A-CD439E2427C1}.Debug|Any CPU.Build.0 = Debug|Any CPU
		{921C10D4-E89C-4E1C-A26A-CD439E2427C1}.Debug|Any CPU.ActiveCfg = Debug|Any CPU
		{921C10D4-E89C-4E1C-A26A-CD439E2427C1}.Release|Any CPU.Build.0 = Release|Any CPU
		{921C10D4-E89C-4E1C-A26A-CD439E2427C1}.Release|Any CPU.ActiveCfg = Release|Any CPU
	EndGlobalSection
EndGlobal
