
Microsoft Visual Studio Solution File, Format Version 11.00
# Visual Studio 2010
# SharpDevelop 4.4
Project("{FD48973F-F585-4F70-812B-4D0503B36CE9}") = "prog58b", "prog58b\prog58b.pyproj", "{8D3B3336-77C5-4EE0-9D4D-C4A7274555AB}"
EndProject
Global
	GlobalSection(SolutionConfigurationPlatforms) = preSolution
		Debug|Any CPU = Debug|Any CPU
		Release|Any CPU = Release|Any CPU
	EndGlobalSection
	GlobalSection(ProjectConfigurationPlatforms) = postSolution
		{8D3B3336-77C5-4EE0-9D4D-C4A7274555AB}.Debug|Any CPU.Build.0 = Debug|Any CPU
		{8D3B3336-77C5-4EE0-9D4D-C4A7274555AB}.Debug|Any CPU.ActiveCfg = Debug|Any CPU
		{8D3B3336-77C5-4EE0-9D4D-C4A7274555AB}.Release|Any CPU.Build.0 = Release|Any CPU
		{8D3B3336-77C5-4EE0-9D4D-C4A7274555AB}.Release|Any CPU.ActiveCfg = Release|Any CPU
	EndGlobalSection
EndGlobal
