
Microsoft Visual Studio Solution File, Format Version 11.00
# Visual Studio 2010
# SharpDevelop 4.4
Project("{FD48973F-F585-4F70-812B-4D0503B36CE9}") = "pg119", "pg119\pg119.pyproj", "{0ACCD61D-1E87-44CF-87BC-04B0CF7A18E1}"
EndProject
Global
	GlobalSection(SolutionConfigurationPlatforms) = preSolution
		Debug|Any CPU = Debug|Any CPU
		Release|Any CPU = Release|Any CPU
	EndGlobalSection
	GlobalSection(ProjectConfigurationPlatforms) = postSolution
		{0ACCD61D-1E87-44CF-87BC-04B0CF7A18E1}.Debug|Any CPU.Build.0 = Debug|Any CPU
		{0ACCD61D-1E87-44CF-87BC-04B0CF7A18E1}.Debug|Any CPU.ActiveCfg = Debug|Any CPU
		{0ACCD61D-1E87-44CF-87BC-04B0CF7A18E1}.Release|Any CPU.Build.0 = Release|Any CPU
		{0ACCD61D-1E87-44CF-87BC-04B0CF7A18E1}.Release|Any CPU.ActiveCfg = Release|Any CPU
	EndGlobalSection
EndGlobal
