
Microsoft Visual Studio Solution File, Format Version 11.00
# Visual Studio 2010
# SharpDevelop 4.4
Project("{FD48973F-F585-4F70-812B-4D0503B36CE9}") = "prog52a", "prog52a.pyproj", "{BBAD6AF5-C97E-417E-890E-FF4EB900DEBE}"
EndProject
Global
	GlobalSection(SolutionConfigurationPlatforms) = preSolution
		Debug|Any CPU = Debug|Any CPU
		Release|Any CPU = Release|Any CPU
	EndGlobalSection
	GlobalSection(ProjectConfigurationPlatforms) = postSolution
		{BBAD6AF5-C97E-417E-890E-FF4EB900DEBE}.Debug|Any CPU.Build.0 = Debug|Any CPU
		{BBAD6AF5-C97E-417E-890E-FF4EB900DEBE}.Debug|Any CPU.ActiveCfg = Debug|Any CPU
		{BBAD6AF5-C97E-417E-890E-FF4EB900DEBE}.Release|Any CPU.Build.0 = Release|Any CPU
		{BBAD6AF5-C97E-417E-890E-FF4EB900DEBE}.Release|Any CPU.ActiveCfg = Release|Any CPU
	EndGlobalSection
EndGlobal
