
Microsoft Visual Studio Solution File, Format Version 11.00
# Visual Studio 2010
# SharpDevelop 4.4
Project("{FD48973F-F585-4F70-812B-4D0503B36CE9}") = "GO", "GO\GO.pyproj", "{EC8D2CA4-433E-4564-8E83-A07962FC17C6}"
EndProject
Global
	GlobalSection(SolutionConfigurationPlatforms) = preSolution
		Debug|Any CPU = Debug|Any CPU
		Release|Any CPU = Release|Any CPU
	EndGlobalSection
	GlobalSection(ProjectConfigurationPlatforms) = postSolution
		{EC8D2CA4-433E-4564-8E83-A07962FC17C6}.Debug|Any CPU.Build.0 = Debug|Any CPU
		{EC8D2CA4-433E-4564-8E83-A07962FC17C6}.Debug|Any CPU.ActiveCfg = Debug|Any CPU
		{EC8D2CA4-433E-4564-8E83-A07962FC17C6}.Release|Any CPU.Build.0 = Release|Any CPU
		{EC8D2CA4-433E-4564-8E83-A07962FC17C6}.Release|Any CPU.ActiveCfg = Release|Any CPU
	EndGlobalSection
EndGlobal
