
Microsoft Visual Studio Solution File, Format Version 11.00
# Visual Studio 2010
# SharpDevelop 4.4
Project("{FD48973F-F585-4F70-812B-4D0503B36CE9}") = "prog122c", "prog122c\prog122c.pyproj", "{F35CD7F5-07DC-4B58-AD99-B1E94285FE47}"
EndProject
Global
	GlobalSection(SolutionConfigurationPlatforms) = preSolution
		Debug|Any CPU = Debug|Any CPU
		Release|Any CPU = Release|Any CPU
	EndGlobalSection
	GlobalSection(ProjectConfigurationPlatforms) = postSolution
		{F35CD7F5-07DC-4B58-AD99-B1E94285FE47}.Debug|Any CPU.Build.0 = Debug|Any CPU
		{F35CD7F5-07DC-4B58-AD99-B1E94285FE47}.Debug|Any CPU.ActiveCfg = Debug|Any CPU
		{F35CD7F5-07DC-4B58-AD99-B1E94285FE47}.Release|Any CPU.Build.0 = Release|Any CPU
		{F35CD7F5-07DC-4B58-AD99-B1E94285FE47}.Release|Any CPU.ActiveCfg = Release|Any CPU
	EndGlobalSection
EndGlobal
