
Microsoft Visual Studio Solution File, Format Version 11.00
# Visual Studio 2010
# SharpDevelop 4.4
Project("{FD48973F-F585-4F70-812B-4D0503B36CE9}") = "MY favourite club", "MY favourite club\MY favourite club.pyproj", "{723B1CF8-C327-4738-BC62-B1C35594600B}"
EndProject
Global
	GlobalSection(SolutionConfigurationPlatforms) = preSolution
		Debug|Any CPU = Debug|Any CPU
		Release|Any CPU = Release|Any CPU
	EndGlobalSection
	GlobalSection(ProjectConfigurationPlatforms) = postSolution
		{723B1CF8-C327-4738-BC62-B1C35594600B}.Debug|Any CPU.Build.0 = Debug|Any CPU
		{723B1CF8-C327-4738-BC62-B1C35594600B}.Debug|Any CPU.ActiveCfg = Debug|Any CPU
		{723B1CF8-C327-4738-BC62-B1C35594600B}.Release|Any CPU.Build.0 = Release|Any CPU
		{723B1CF8-C327-4738-BC62-B1C35594600B}.Release|Any CPU.ActiveCfg = Release|Any CPU
	EndGlobalSection
EndGlobal
