
Microsoft Visual Studio Solution File, Format Version 11.00
# Visual Studio 2010
# SharpDevelop 4.4
Project("{FD48973F-F585-4F70-812B-4D0503B36CE9}") = "prog162b", "prog162b\prog162b.pyproj", "{7D889F59-9331-4B0F-9493-C49631538E6B}"
EndProject
Global
	GlobalSection(SolutionConfigurationPlatforms) = preSolution
		Debug|Any CPU = Debug|Any CPU
		Release|Any CPU = Release|Any CPU
	EndGlobalSection
	GlobalSection(ProjectConfigurationPlatforms) = postSolution
		{7D889F59-9331-4B0F-9493-C49631538E6B}.Debug|Any CPU.Build.0 = Debug|Any CPU
		{7D889F59-9331-4B0F-9493-C49631538E6B}.Debug|Any CPU.ActiveCfg = Debug|Any CPU
		{7D889F59-9331-4B0F-9493-C49631538E6B}.Release|Any CPU.Build.0 = Release|Any CPU
		{7D889F59-9331-4B0F-9493-C49631538E6B}.Release|Any CPU.ActiveCfg = Release|Any CPU
	EndGlobalSection
EndGlobal
