
Microsoft Visual Studio Solution File, Format Version 11.00
# Visual Studio 2010
# SharpDevelop 4.4
Project("{FD48973F-F585-4F70-812B-4D0503B36CE9}") = "Pong", "Pong\Pong.pyproj", "{329759A4-C9A0-4AF9-8C17-E69F1FE1F71D}"
EndProject
Global
	GlobalSection(SolutionConfigurationPlatforms) = preSolution
		Debug|Any CPU = Debug|Any CPU
		Release|Any CPU = Release|Any CPU
	EndGlobalSection
	GlobalSection(ProjectConfigurationPlatforms) = postSolution
		{329759A4-C9A0-4AF9-8C17-E69F1FE1F71D}.Debug|Any CPU.Build.0 = Debug|Any CPU
		{329759A4-C9A0-4AF9-8C17-E69F1FE1F71D}.Debug|Any CPU.ActiveCfg = Debug|Any CPU
		{329759A4-C9A0-4AF9-8C17-E69F1FE1F71D}.Release|Any CPU.Build.0 = Release|Any CPU
		{329759A4-C9A0-4AF9-8C17-E69F1FE1F71D}.Release|Any CPU.ActiveCfg = Release|Any CPU
	EndGlobalSection
EndGlobal
