
Microsoft Visual Studio Solution File, Format Version 11.00
# Visual Studio 2010
# SharpDevelop 4.4
Project("{FD48973F-F585-4F70-812B-4D0503B36CE9}") = "prog152b", "prog152b\prog152b.pyproj", "{19BF1854-0F71-41CD-B1AB-7977F609BA3B}"
EndProject
Global
	GlobalSection(SolutionConfigurationPlatforms) = preSolution
		Debug|Any CPU = Debug|Any CPU
		Release|Any CPU = Release|Any CPU
	EndGlobalSection
	GlobalSection(ProjectConfigurationPlatforms) = postSolution
		{19BF1854-0F71-41CD-B1AB-7977F609BA3B}.Debug|Any CPU.Build.0 = Debug|Any CPU
		{19BF1854-0F71-41CD-B1AB-7977F609BA3B}.Debug|Any CPU.ActiveCfg = Debug|Any CPU
		{19BF1854-0F71-41CD-B1AB-7977F609BA3B}.Release|Any CPU.Build.0 = Release|Any CPU
		{19BF1854-0F71-41CD-B1AB-7977F609BA3B}.Release|Any CPU.ActiveCfg = Release|Any CPU
	EndGlobalSection
EndGlobal
